
Microsoft Visual Studio Solution File, Format Version 12.00
# Visual Studio Version 17
VisualStudioVersion = 17.13.35825.156
MinimumVisualStudioVersion = 10.0.40219.1
Project("{8BC9CEB8-8B4A-11D0-8D11-00A0C91BC942}") = "01_Intro", "01_Intro\01_Intro.vcxproj", "{A9FE63D6-3512-4C82-A267-D4634CA3C272}"
EndProject
Project("{8BC9CEB8-8B4A-11D0-8D11-00A0C91BC942}") = "02_HW_LogicOperators", "02_HW_LogicOperators\02_HW_LogicOperators.vcxproj", "{286239C8-F17C-4672-8E69-93AB42181610}"
EndProject
Project("{8BC9CEB8-8B4A-11D0-8D11-00A0C91BC942}") = "02_HW_IfElse", "02_HW_IfElse\02_HW_IfElse.vcxproj", "{7E240268-E333-48E0-8B2B-DE4796AF1B6E}"
EndProject
Project("{8BC9CEB8-8B4A-11D0-8D11-00A0C91BC942}") = "03_HW_Cycles", "03_HW_Cycles\03_HW_Cycles.vcxproj", "{4461C872-F78E-4A2B-BC44-FB582C8E8B4D}"
EndProject
Project("{8BC9CEB8-8B4A-11D0-8D11-00A0C91BC942}") = "04_HW_Array", "04_HW_Array\04_HW_Array.vcxproj", "{5AFE5889-49CF-4A21-8E0E-6A441D3B4BE1}"
EndProject
Project("{8BC9CEB8-8B4A-11D0-8D11-00A0C91BC942}") = "05_HW_Matrix", "05_HW_Matrix\05_HW_Matrix.vcxproj", "{DF9D6DC8-9E89-4E05-93C6-A6212C8E3114}"
EndProject
Project("{8BC9CEB8-8B4A-11D0-8D11-00A0C91BC942}") = "06_HW_Functions", "06_HW_Functions\06_HW_Functions.vcxproj", "{E90BD6DD-ED5C-4125-B8C6-0933EF924C7A}"
EndProject
Project("{8BC9CEB8-8B4A-11D0-8D11-00A0C91BC942}") = "07_HW_Algorithms", "07_HW_Algorithms\07_HW_Algorithms.vcxproj", "{3C39D7F8-3580-4700-8796-BA9864D4073C}"
EndProject
Project("{8BC9CEB8-8B4A-11D0-8D11-00A0C91BC942}") = "08_Links", "08_Links\08_Links.vcxproj", "{5BF7BF2C-29D2-4D10-A460-2AF5E1630AFC}"
EndProject
Project("{8BC9CEB8-8B4A-11D0-8D11-00A0C91BC942}") = "09_Setw_SetCol_Set_Pos", "09_Setw_SetCol_Set_Pos\09_Setw_SetCol_Set_Pos.vcxproj", "{FDE49136-4126-4BC4-8877-3259C4152DDA}"
EndProject
Project("{8BC9CEB8-8B4A-11D0-8D11-00A0C91BC942}") = "10_Dynamic_memory", "10_Dynamic_memory\10_Dynamic_memory.vcxproj", "{16A578B8-EE59-4F03-919B-D824B84B6145}"
EndProject
Project("{8BC9CEB8-8B4A-11D0-8D11-00A0C91BC942}") = "08_HW_Links", "08_HW_Links\08_HW_Links.vcxproj", "{37E44227-6051-4491-8F8E-08ED7A6A6417}"
EndProject
Project("{8BC9CEB8-8B4A-11D0-8D11-00A0C91BC942}") = "07_HW_Pointers", "07_HW_Pointers\07_HW_Pointers.vcxproj", "{1484EC13-6B64-468C-8B49-D62F5616A1F1}"
EndProject
Project("{8BC9CEB8-8B4A-11D0-8D11-00A0C91BC942}") = "07_HW_Pointers_Ver2", "07_HW_Pointers_Ver2\07_HW_Pointers_Ver2.vcxproj", "{56F59789-A7F4-4788-9CC5-60200AE718AF}"
EndProject
Project("{8BC9CEB8-8B4A-11D0-8D11-00A0C91BC942}") = "11_Dynamic_array", "11_Dynamic_array\11_Dynamic_array.vcxproj", "{217CD7C7-E7FF-457B-B945-C38561C3790C}"
EndProject
Project("{8BC9CEB8-8B4A-11D0-8D11-00A0C91BC942}") = "12_С-StyleRows", "12_С-StyleRows\12_С-StyleRows.vcxproj", "{B887B929-2B1A-4103-BDBE-6F3BF8E3E8AA}"
EndProject
Project("{8BC9CEB8-8B4A-11D0-8D11-00A0C91BC942}") = "13_Struct", "13_Struct\13_Struct.vcxproj", "{58A92388-E431-4EDA-8082-D673E3095C2B}"
EndProject
Project("{8BC9CEB8-8B4A-11D0-8D11-00A0C91BC942}") = "10_Dynamic_memory_HW", "10_Dynamic_memory_HW\10_Dynamic_memory_HW.vcxproj", "{902C17F8-D76F-4D07-B7C6-39E9ADB58BA4}"
EndProject
Project("{8BC9CEB8-8B4A-11D0-8D11-00A0C91BC942}") = "11_DynamicTwoArr_HW", "11_DynamicTwoArr_HW\11_DynamicTwoArr_HW.vcxproj", "{5EE64369-9431-41B8-B81E-3F9E57DE9013}"
EndProject
Project("{8BC9CEB8-8B4A-11D0-8D11-00A0C91BC942}") = "17_Intro_To_OOP", "17_Intro_To_OOP\17_Intro_To_OOP.vcxproj", "{275C8ACA-4C25-48DA-ABB6-1439E9C9B8C7}"
EndProject
Project("{8BC9CEB8-8B4A-11D0-8D11-00A0C91BC942}") = "13_Struct_HW", "13_Struct_HW\13_Struct_HW.vcxproj", "{BE1E2B3B-573D-40C7-B63B-56D1180E9ACE}"
EndProject
Global
	GlobalSection(SolutionConfigurationPlatforms) = preSolution
		Debug|x64 = Debug|x64
		Debug|x86 = Debug|x86
		Release|x64 = Release|x64
		Release|x86 = Release|x86
	EndGlobalSection
	GlobalSection(ProjectConfigurationPlatforms) = postSolution
		{A9FE63D6-3512-4C82-A267-D4634CA3C272}.Debug|x64.ActiveCfg = Debug|x64
		{A9FE63D6-3512-4C82-A267-D4634CA3C272}.Debug|x64.Build.0 = Debug|x64
		{A9FE63D6-3512-4C82-A267-D4634CA3C272}.Debug|x86.ActiveCfg = Debug|Win32
		{A9FE63D6-3512-4C82-A267-D4634CA3C272}.Debug|x86.Build.0 = Debug|Win32
		{A9FE63D6-3512-4C82-A267-D4634CA3C272}.Release|x64.ActiveCfg = Release|x64
		{A9FE63D6-3512-4C82-A267-D4634CA3C272}.Release|x64.Build.0 = Release|x64
		{A9FE63D6-3512-4C82-A267-D4634CA3C272}.Release|x86.ActiveCfg = Release|Win32
		{A9FE63D6-3512-4C82-A267-D4634CA3C272}.Release|x86.Build.0 = Release|Win32
		{286239C8-F17C-4672-8E69-93AB42181610}.Debug|x64.ActiveCfg = Debug|x64
		{286239C8-F17C-4672-8E69-93AB42181610}.Debug|x64.Build.0 = Debug|x64
		{286239C8-F17C-4672-8E69-93AB42181610}.Debug|x86.ActiveCfg = Debug|Win32
		{286239C8-F17C-4672-8E69-93AB42181610}.Debug|x86.Build.0 = Debug|Win32
		{286239C8-F17C-4672-8E69-93AB42181610}.Release|x64.ActiveCfg = Release|x64
		{286239C8-F17C-4672-8E69-93AB42181610}.Release|x64.Build.0 = Release|x64
		{286239C8-F17C-4672-8E69-93AB42181610}.Release|x86.ActiveCfg = Release|Win32
		{286239C8-F17C-4672-8E69-93AB42181610}.Release|x86.Build.0 = Release|Win32
		{7E240268-E333-48E0-8B2B-DE4796AF1B6E}.Debug|x64.ActiveCfg = Debug|x64
		{7E240268-E333-48E0-8B2B-DE4796AF1B6E}.Debug|x64.Build.0 = Debug|x64
		{7E240268-E333-48E0-8B2B-DE4796AF1B6E}.Debug|x86.ActiveCfg = Debug|Win32
		{7E240268-E333-48E0-8B2B-DE4796AF1B6E}.Debug|x86.Build.0 = Debug|Win32
		{7E240268-E333-48E0-8B2B-DE4796AF1B6E}.Release|x64.ActiveCfg = Release|x64
		{7E240268-E333-48E0-8B2B-DE4796AF1B6E}.Release|x64.Build.0 = Release|x64
		{7E240268-E333-48E0-8B2B-DE4796AF1B6E}.Release|x86.ActiveCfg = Release|Win32
		{7E240268-E333-48E0-8B2B-DE4796AF1B6E}.Release|x86.Build.0 = Release|Win32
		{4461C872-F78E-4A2B-BC44-FB582C8E8B4D}.Debug|x64.ActiveCfg = Debug|x64
		{4461C872-F78E-4A2B-BC44-FB582C8E8B4D}.Debug|x64.Build.0 = Debug|x64
		{4461C872-F78E-4A2B-BC44-FB582C8E8B4D}.Debug|x86.ActiveCfg = Debug|Win32
		{4461C872-F78E-4A2B-BC44-FB582C8E8B4D}.Debug|x86.Build.0 = Debug|Win32
		{4461C872-F78E-4A2B-BC44-FB582C8E8B4D}.Release|x64.ActiveCfg = Release|x64
		{4461C872-F78E-4A2B-BC44-FB582C8E8B4D}.Release|x64.Build.0 = Release|x64
		{4461C872-F78E-4A2B-BC44-FB582C8E8B4D}.Release|x86.ActiveCfg = Release|Win32
		{4461C872-F78E-4A2B-BC44-FB582C8E8B4D}.Release|x86.Build.0 = Release|Win32
		{5AFE5889-49CF-4A21-8E0E-6A441D3B4BE1}.Debug|x64.ActiveCfg = Debug|x64
		{5AFE5889-49CF-4A21-8E0E-6A441D3B4BE1}.Debug|x64.Build.0 = Debug|x64
		{5AFE5889-49CF-4A21-8E0E-6A441D3B4BE1}.Debug|x86.ActiveCfg = Debug|Win32
		{5AFE5889-49CF-4A21-8E0E-6A441D3B4BE1}.Debug|x86.Build.0 = Debug|Win32
		{5AFE5889-49CF-4A21-8E0E-6A441D3B4BE1}.Release|x64.ActiveCfg = Release|x64
		{5AFE5889-49CF-4A21-8E0E-6A441D3B4BE1}.Release|x64.Build.0 = Release|x64
		{5AFE5889-49CF-4A21-8E0E-6A441D3B4BE1}.Release|x86.ActiveCfg = Release|Win32
		{5AFE5889-49CF-4A21-8E0E-6A441D3B4BE1}.Release|x86.Build.0 = Release|Win32
		{DF9D6DC8-9E89-4E05-93C6-A6212C8E3114}.Debug|x64.ActiveCfg = Debug|x64
		{DF9D6DC8-9E89-4E05-93C6-A6212C8E3114}.Debug|x64.Build.0 = Debug|x64
		{DF9D6DC8-9E89-4E05-93C6-A6212C8E3114}.Debug|x86.ActiveCfg = Debug|Win32
		{DF9D6DC8-9E89-4E05-93C6-A6212C8E3114}.Debug|x86.Build.0 = Debug|Win32
		{DF9D6DC8-9E89-4E05-93C6-A6212C8E3114}.Release|x64.ActiveCfg = Release|x64
		{DF9D6DC8-9E89-4E05-93C6-A6212C8E3114}.Release|x64.Build.0 = Release|x64
		{DF9D6DC8-9E89-4E05-93C6-A6212C8E3114}.Release|x86.ActiveCfg = Release|Win32
		{DF9D6DC8-9E89-4E05-93C6-A6212C8E3114}.Release|x86.Build.0 = Release|Win32
		{E90BD6DD-ED5C-4125-B8C6-0933EF924C7A}.Debug|x64.ActiveCfg = Debug|x64
		{E90BD6DD-ED5C-4125-B8C6-0933EF924C7A}.Debug|x64.Build.0 = Debug|x64
		{E90BD6DD-ED5C-4125-B8C6-0933EF924C7A}.Debug|x86.ActiveCfg = Debug|Win32
		{E90BD6DD-ED5C-4125-B8C6-0933EF924C7A}.Debug|x86.Build.0 = Debug|Win32
		{E90BD6DD-ED5C-4125-B8C6-0933EF924C7A}.Release|x64.ActiveCfg = Release|x64
		{E90BD6DD-ED5C-4125-B8C6-0933EF924C7A}.Release|x64.Build.0 = Release|x64
		{E90BD6DD-ED5C-4125-B8C6-0933EF924C7A}.Release|x86.ActiveCfg = Release|Win32
		{E90BD6DD-ED5C-4125-B8C6-0933EF924C7A}.Release|x86.Build.0 = Release|Win32
		{3C39D7F8-3580-4700-8796-BA9864D4073C}.Debug|x64.ActiveCfg = Debug|x64
		{3C39D7F8-3580-4700-8796-BA9864D4073C}.Debug|x64.Build.0 = Debug|x64
		{3C39D7F8-3580-4700-8796-BA9864D4073C}.Debug|x86.ActiveCfg = Debug|Win32
		{3C39D7F8-3580-4700-8796-BA9864D4073C}.Debug|x86.Build.0 = Debug|Win32
		{3C39D7F8-3580-4700-8796-BA9864D4073C}.Release|x64.ActiveCfg = Release|x64
		{3C39D7F8-3580-4700-8796-BA9864D4073C}.Release|x64.Build.0 = Release|x64
		{3C39D7F8-3580-4700-8796-BA9864D4073C}.Release|x86.ActiveCfg = Release|Win32
		{3C39D7F8-3580-4700-8796-BA9864D4073C}.Release|x86.Build.0 = Release|Win32
		{5BF7BF2C-29D2-4D10-A460-2AF5E1630AFC}.Debug|x64.ActiveCfg = Debug|x64
		{5BF7BF2C-29D2-4D10-A460-2AF5E1630AFC}.Debug|x64.Build.0 = Debug|x64
		{5BF7BF2C-29D2-4D10-A460-2AF5E1630AFC}.Debug|x86.ActiveCfg = Debug|Win32
		{5BF7BF2C-29D2-4D10-A460-2AF5E1630AFC}.Debug|x86.Build.0 = Debug|Win32
		{5BF7BF2C-29D2-4D10-A460-2AF5E1630AFC}.Release|x64.ActiveCfg = Release|x64
		{5BF7BF2C-29D2-4D10-A460-2AF5E1630AFC}.Release|x64.Build.0 = Release|x64
		{5BF7BF2C-29D2-4D10-A460-2AF5E1630AFC}.Release|x86.ActiveCfg = Release|Win32
		{5BF7BF2C-29D2-4D10-A460-2AF5E1630AFC}.Release|x86.Build.0 = Release|Win32
		{FDE49136-4126-4BC4-8877-3259C4152DDA}.Debug|x64.ActiveCfg = Debug|x64
		{FDE49136-4126-4BC4-8877-3259C4152DDA}.Debug|x64.Build.0 = Debug|x64
		{FDE49136-4126-4BC4-8877-3259C4152DDA}.Debug|x86.ActiveCfg = Debug|Win32
		{FDE49136-4126-4BC4-8877-3259C4152DDA}.Debug|x86.Build.0 = Debug|Win32
		{FDE49136-4126-4BC4-8877-3259C4152DDA}.Release|x64.ActiveCfg = Release|x64
		{FDE49136-4126-4BC4-8877-3259C4152DDA}.Release|x64.Build.0 = Release|x64
		{FDE49136-4126-4BC4-8877-3259C4152DDA}.Release|x86.ActiveCfg = Release|Win32
		{FDE49136-4126-4BC4-8877-3259C4152DDA}.Release|x86.Build.0 = Release|Win32
		{16A578B8-EE59-4F03-919B-D824B84B6145}.Debug|x64.ActiveCfg = Debug|x64
		{16A578B8-EE59-4F03-919B-D824B84B6145}.Debug|x64.Build.0 = Debug|x64
		{16A578B8-EE59-4F03-919B-D824B84B6145}.Debug|x86.ActiveCfg = Debug|Win32
		{16A578B8-EE59-4F03-919B-D824B84B6145}.Debug|x86.Build.0 = Debug|Win32
		{16A578B8-EE59-4F03-919B-D824B84B6145}.Release|x64.ActiveCfg = Release|x64
		{16A578B8-EE59-4F03-919B-D824B84B6145}.Release|x64.Build.0 = Release|x64
		{16A578B8-EE59-4F03-919B-D824B84B6145}.Release|x86.ActiveCfg = Release|Win32
		{16A578B8-EE59-4F03-919B-D824B84B6145}.Release|x86.Build.0 = Release|Win32
		{37E44227-6051-4491-8F8E-08ED7A6A6417}.Debug|x64.ActiveCfg = Debug|x64
		{37E44227-6051-4491-8F8E-08ED7A6A6417}.Debug|x64.Build.0 = Debug|x64
		{37E44227-6051-4491-8F8E-08ED7A6A6417}.Debug|x86.ActiveCfg = Debug|Win32
		{37E44227-6051-4491-8F8E-08ED7A6A6417}.Debug|x86.Build.0 = Debug|Win32
		{37E44227-6051-4491-8F8E-08ED7A6A6417}.Release|x64.ActiveCfg = Release|x64
		{37E44227-6051-4491-8F8E-08ED7A6A6417}.Release|x64.Build.0 = Release|x64
		{37E44227-6051-4491-8F8E-08ED7A6A6417}.Release|x86.ActiveCfg = Release|Win32
		{37E44227-6051-4491-8F8E-08ED7A6A6417}.Release|x86.Build.0 = Release|Win32
		{1484EC13-6B64-468C-8B49-D62F5616A1F1}.Debug|x64.ActiveCfg = Debug|x64
		{1484EC13-6B64-468C-8B49-D62F5616A1F1}.Debug|x64.Build.0 = Debug|x64
		{1484EC13-6B64-468C-8B49-D62F5616A1F1}.Debug|x86.ActiveCfg = Debug|Win32
		{1484EC13-6B64-468C-8B49-D62F5616A1F1}.Debug|x86.Build.0 = Debug|Win32
		{1484EC13-6B64-468C-8B49-D62F5616A1F1}.Release|x64.ActiveCfg = Release|x64
		{1484EC13-6B64-468C-8B49-D62F5616A1F1}.Release|x64.Build.0 = Release|x64
		{1484EC13-6B64-468C-8B49-D62F5616A1F1}.Release|x86.ActiveCfg = Release|Win32
		{1484EC13-6B64-468C-8B49-D62F5616A1F1}.Release|x86.Build.0 = Release|Win32
		{56F59789-A7F4-4788-9CC5-60200AE718AF}.Debug|x64.ActiveCfg = Debug|x64
		{56F59789-A7F4-4788-9CC5-60200AE718AF}.Debug|x64.Build.0 = Debug|x64
		{56F59789-A7F4-4788-9CC5-60200AE718AF}.Debug|x86.ActiveCfg = Debug|Win32
		{56F59789-A7F4-4788-9CC5-60200AE718AF}.Debug|x86.Build.0 = Debug|Win32
		{56F59789-A7F4-4788-9CC5-60200AE718AF}.Release|x64.ActiveCfg = Release|x64
		{56F59789-A7F4-4788-9CC5-60200AE718AF}.Release|x64.Build.0 = Release|x64
		{56F59789-A7F4-4788-9CC5-60200AE718AF}.Release|x86.ActiveCfg = Release|Win32
		{56F59789-A7F4-4788-9CC5-60200AE718AF}.Release|x86.Build.0 = Release|Win32
		{217CD7C7-E7FF-457B-B945-C38561C3790C}.Debug|x64.ActiveCfg = Debug|x64
		{217CD7C7-E7FF-457B-B945-C38561C3790C}.Debug|x64.Build.0 = Debug|x64
		{217CD7C7-E7FF-457B-B945-C38561C3790C}.Debug|x86.ActiveCfg = Debug|Win32
		{217CD7C7-E7FF-457B-B945-C38561C3790C}.Debug|x86.Build.0 = Debug|Win32
		{217CD7C7-E7FF-457B-B945-C38561C3790C}.Release|x64.ActiveCfg = Release|x64
		{217CD7C7-E7FF-457B-B945-C38561C3790C}.Release|x64.Build.0 = Release|x64
		{217CD7C7-E7FF-457B-B945-C38561C3790C}.Release|x86.ActiveCfg = Release|Win32
		{217CD7C7-E7FF-457B-B945-C38561C3790C}.Release|x86.Build.0 = Release|Win32
		{B887B929-2B1A-4103-BDBE-6F3BF8E3E8AA}.Debug|x64.ActiveCfg = Debug|x64
		{B887B929-2B1A-4103-BDBE-6F3BF8E3E8AA}.Debug|x64.Build.0 = Debug|x64
		{B887B929-2B1A-4103-BDBE-6F3BF8E3E8AA}.Debug|x86.ActiveCfg = Debug|Win32
		{B887B929-2B1A-4103-BDBE-6F3BF8E3E8AA}.Debug|x86.Build.0 = Debug|Win32
		{B887B929-2B1A-4103-BDBE-6F3BF8E3E8AA}.Release|x64.ActiveCfg = Release|x64
		{B887B929-2B1A-4103-BDBE-6F3BF8E3E8AA}.Release|x64.Build.0 = Release|x64
		{B887B929-2B1A-4103-BDBE-6F3BF8E3E8AA}.Release|x86.ActiveCfg = Release|Win32
		{B887B929-2B1A-4103-BDBE-6F3BF8E3E8AA}.Release|x86.Build.0 = Release|Win32
		{58A92388-E431-4EDA-8082-D673E3095C2B}.Debug|x64.ActiveCfg = Debug|x64
		{58A92388-E431-4EDA-8082-D673E3095C2B}.Debug|x64.Build.0 = Debug|x64
		{58A92388-E431-4EDA-8082-D673E3095C2B}.Debug|x86.ActiveCfg = Debug|Win32
		{58A92388-E431-4EDA-8082-D673E3095C2B}.Debug|x86.Build.0 = Debug|Win32
		{58A92388-E431-4EDA-8082-D673E3095C2B}.Release|x64.ActiveCfg = Release|x64
		{58A92388-E431-4EDA-8082-D673E3095C2B}.Release|x64.Build.0 = Release|x64
		{58A92388-E431-4EDA-8082-D673E3095C2B}.Release|x86.ActiveCfg = Release|Win32
		{58A92388-E431-4EDA-8082-D673E3095C2B}.Release|x86.Build.0 = Release|Win32
		{902C17F8-D76F-4D07-B7C6-39E9ADB58BA4}.Debug|x64.ActiveCfg = Debug|x64
		{902C17F8-D76F-4D07-B7C6-39E9ADB58BA4}.Debug|x64.Build.0 = Debug|x64
		{902C17F8-D76F-4D07-B7C6-39E9ADB58BA4}.Debug|x86.ActiveCfg = Debug|Win32
		{902C17F8-D76F-4D07-B7C6-39E9ADB58BA4}.Debug|x86.Build.0 = Debug|Win32
		{902C17F8-D76F-4D07-B7C6-39E9ADB58BA4}.Release|x64.ActiveCfg = Release|x64
		{902C17F8-D76F-4D07-B7C6-39E9ADB58BA4}.Release|x64.Build.0 = Release|x64
		{902C17F8-D76F-4D07-B7C6-39E9ADB58BA4}.Release|x86.ActiveCfg = Release|Win32
		{902C17F8-D76F-4D07-B7C6-39E9ADB58BA4}.Release|x86.Build.0 = Release|Win32
		{5EE64369-9431-41B8-B81E-3F9E57DE9013}.Debug|x64.ActiveCfg = Debug|x64
		{5EE64369-9431-41B8-B81E-3F9E57DE9013}.Debug|x64.Build.0 = Debug|x64
		{5EE64369-9431-41B8-B81E-3F9E57DE9013}.Debug|x86.ActiveCfg = Debug|Win32
		{5EE64369-9431-41B8-B81E-3F9E57DE9013}.Debug|x86.Build.0 = Debug|Win32
		{5EE64369-9431-41B8-B81E-3F9E57DE9013}.Release|x64.ActiveCfg = Release|x64
		{5EE64369-9431-41B8-B81E-3F9E57DE9013}.Release|x64.Build.0 = Release|x64
		{5EE64369-9431-41B8-B81E-3F9E57DE9013}.Release|x86.ActiveCfg = Release|Win32
		{5EE64369-9431-41B8-B81E-3F9E57DE9013}.Release|x86.Build.0 = Release|Win32
		{275C8ACA-4C25-48DA-ABB6-1439E9C9B8C7}.Debug|x64.ActiveCfg = Debug|x64
		{275C8ACA-4C25-48DA-ABB6-1439E9C9B8C7}.Debug|x64.Build.0 = Debug|x64
		{275C8ACA-4C25-48DA-ABB6-1439E9C9B8C7}.Debug|x86.ActiveCfg = Debug|Win32
		{275C8ACA-4C25-48DA-ABB6-1439E9C9B8C7}.Debug|x86.Build.0 = Debug|Win32
		{275C8ACA-4C25-48DA-ABB6-1439E9C9B8C7}.Release|x64.ActiveCfg = Release|x64
		{275C8ACA-4C25-48DA-ABB6-1439E9C9B8C7}.Release|x64.Build.0 = Release|x64
		{275C8ACA-4C25-48DA-ABB6-1439E9C9B8C7}.Release|x86.ActiveCfg = Release|Win32
		{275C8ACA-4C25-48DA-ABB6-1439E9C9B8C7}.Release|x86.Build.0 = Release|Win32
		{BE1E2B3B-573D-40C7-B63B-56D1180E9ACE}.Debug|x64.ActiveCfg = Debug|x64
		{BE1E2B3B-573D-40C7-B63B-56D1180E9ACE}.Debug|x64.Build.0 = Debug|x64
		{BE1E2B3B-573D-40C7-B63B-56D1180E9ACE}.Debug|x86.ActiveCfg = Debug|Win32
		{BE1E2B3B-573D-40C7-B63B-56D1180E9ACE}.Debug|x86.Build.0 = Debug|Win32
		{BE1E2B3B-573D-40C7-B63B-56D1180E9ACE}.Release|x64.ActiveCfg = Release|x64
		{BE1E2B3B-573D-40C7-B63B-56D1180E9ACE}.Release|x64.Build.0 = Release|x64
		{BE1E2B3B-573D-40C7-B63B-56D1180E9ACE}.Release|x86.ActiveCfg = Release|Win32
		{BE1E2B3B-573D-40C7-B63B-56D1180E9ACE}.Release|x86.Build.0 = Release|Win32
	EndGlobalSection
	GlobalSection(SolutionProperties) = preSolution
		HideSolutionNode = FALSE
	EndGlobalSection
	GlobalSection(ExtensibilityGlobals) = postSolution
		SolutionGuid = {54E337AF-49B0-4BC1-B2EC-0A12FD7697C1}
	EndGlobalSection
EndGlobal
